
Microsoft Visual Studio Solution File, Format Version 12.00
# Visual Studio Version 17
VisualStudioVersion = 17.0.31903.59
MinimumVisualStudioVersion = 10.0.40219.1
Project("{2150E333-8FDC-42A3-9474-1A3956D46DE8}") = "Source", "Source", "{B8EFCA5F-814F-285C-A8CB-F00F14650265}"
EndProject
Project("{2150E333-8FDC-42A3-9474-1A3956D46DE8}") = "Core", "Core", "{55418A49-9090-CAE5-2336-DB6E3B14E6F9}"
EndProject
Project("{FAE04EC0-301F-11D3-BF4B-00C04F79EFBC}") = "FinalProject.Domain", "Source\Core\FinalProject.Domain\FinalProject.Domain.csproj", "{ED20A4A7-C467-4C4D-A57D-1696228F70AB}"
EndProject
Project("{FAE04EC0-301F-11D3-BF4B-00C04F79EFBC}") = "FinalProject.Application", "Source\Core\FinalProject.Application\FinalProject.Application.csproj", "{1B251914-3FF2-4EFE-B134-76288C3B558F}"
EndProject
Project("{2150E333-8FDC-42A3-9474-1A3956D46DE8}") = "Infrasructure", "Infrasructure", "{FD3B2B47-C3BF-CD05-5D74-85FD41A40D76}"
EndProject
Project("{FAE04EC0-301F-11D3-BF4B-00C04F79EFBC}") = "FinalProject.Infrastructure", "Source\Infrasructure\FinalProject.Infrastructure\FinalProject.Infrastructure.csproj", "{CD40A356-8AD7-4B47-BE75-1E35C96F77A8}"
EndProject
Project("{FAE04EC0-301F-11D3-BF4B-00C04F79EFBC}") = "FinalProject.Persistance", "Source\Infrasructure\FinalProject.Persistance\FinalProject.Persistance.csproj", "{0C77EE41-1A47-4E3E-8B26-9BEA076D2A2F}"
EndProject
Project("{2150E333-8FDC-42A3-9474-1A3956D46DE8}") = "Common", "Common", "{03B62BDF-F76B-1DF7-DFBA-095DCB9EBB8F}"
EndProject
Project("{FAE04EC0-301F-11D3-BF4B-00C04F79EFBC}") = "FinalProject.Common", "Source\Common\FinalProject.Common\FinalProject.Common.csproj", "{2ABE85DF-456F-44BE-8AA5-1E3064F4CCBD}"
EndProject
Project("{2150E333-8FDC-42A3-9474-1A3956D46DE8}") = "Presentation", "Presentation", "{4099C67F-8F07-C005-922D-FD49B02B3456}"
EndProject
Project("{FAE04EC0-301F-11D3-BF4B-00C04F79EFBC}") = "FinalProject.endpoint", "Source\Presentation\FinalProject.endpoint\FinalProject.endpoint.csproj", "{336E4DB7-DC3A-4065-B386-556F8313E3A0}"
EndProject
Global
	GlobalSection(SolutionConfigurationPlatforms) = preSolution
		Debug|Any CPU = Debug|Any CPU
		Debug|x64 = Debug|x64
		Debug|x86 = Debug|x86
		Release|Any CPU = Release|Any CPU
		Release|x64 = Release|x64
		Release|x86 = Release|x86
	EndGlobalSection
	GlobalSection(ProjectConfigurationPlatforms) = postSolution
		{ED20A4A7-C467-4C4D-A57D-1696228F70AB}.Debug|Any CPU.ActiveCfg = Debug|Any CPU
		{ED20A4A7-C467-4C4D-A57D-1696228F70AB}.Debug|Any CPU.Build.0 = Debug|Any CPU
		{ED20A4A7-C467-4C4D-A57D-1696228F70AB}.Debug|x64.ActiveCfg = Debug|Any CPU
		{ED20A4A7-C467-4C4D-A57D-1696228F70AB}.Debug|x64.Build.0 = Debug|Any CPU
		{ED20A4A7-C467-4C4D-A57D-1696228F70AB}.Debug|x86.ActiveCfg = Debug|Any CPU
		{ED20A4A7-C467-4C4D-A57D-1696228F70AB}.Debug|x86.Build.0 = Debug|Any CPU
		{ED20A4A7-C467-4C4D-A57D-1696228F70AB}.Release|Any CPU.ActiveCfg = Release|Any CPU
		{ED20A4A7-C467-4C4D-A57D-1696228F70AB}.Release|Any CPU.Build.0 = Release|Any CPU
		{ED20A4A7-C467-4C4D-A57D-1696228F70AB}.Release|x64.ActiveCfg = Release|Any CPU
		{ED20A4A7-C467-4C4D-A57D-1696228F70AB}.Release|x64.Build.0 = Release|Any CPU
		{ED20A4A7-C467-4C4D-A57D-1696228F70AB}.Release|x86.ActiveCfg = Release|Any CPU
		{ED20A4A7-C467-4C4D-A57D-1696228F70AB}.Release|x86.Build.0 = Release|Any CPU
		{1B251914-3FF2-4EFE-B134-76288C3B558F}.Debug|Any CPU.ActiveCfg = Debug|Any CPU
		{1B251914-3FF2-4EFE-B134-76288C3B558F}.Debug|Any CPU.Build.0 = Debug|Any CPU
		{1B251914-3FF2-4EFE-B134-76288C3B558F}.Debug|x64.ActiveCfg = Debug|Any CPU
		{1B251914-3FF2-4EFE-B134-76288C3B558F}.Debug|x64.Build.0 = Debug|Any CPU
		{1B251914-3FF2-4EFE-B134-76288C3B558F}.Debug|x86.ActiveCfg = Debug|Any CPU
		{1B251914-3FF2-4EFE-B134-76288C3B558F}.Debug|x86.Build.0 = Debug|Any CPU
		{1B251914-3FF2-4EFE-B134-76288C3B558F}.Release|Any CPU.ActiveCfg = Release|Any CPU
		{1B251914-3FF2-4EFE-B134-76288C3B558F}.Release|Any CPU.Build.0 = Release|Any CPU
		{1B251914-3FF2-4EFE-B134-76288C3B558F}.Release|x64.ActiveCfg = Release|Any CPU
		{1B251914-3FF2-4EFE-B134-76288C3B558F}.Release|x64.Build.0 = Release|Any CPU
		{1B251914-3FF2-4EFE-B134-76288C3B558F}.Release|x86.ActiveCfg = Release|Any CPU
		{1B251914-3FF2-4EFE-B134-76288C3B558F}.Release|x86.Build.0 = Release|Any CPU
		{B9E5B314-A985-4CF6-8BF0-2CAD70E3E65D}.Debug|Any CPU.ActiveCfg = Debug|Any CPU
		{B9E5B314-A985-4CF6-8BF0-2CAD70E3E65D}.Debug|Any CPU.Build.0 = Debug|Any CPU
		{B9E5B314-A985-4CF6-8BF0-2CAD70E3E65D}.Debug|x64.ActiveCfg = Debug|Any CPU
		{B9E5B314-A985-4CF6-8BF0-2CAD70E3E65D}.Debug|x64.Build.0 = Debug|Any CPU
		{B9E5B314-A985-4CF6-8BF0-2CAD70E3E65D}.Debug|x86.ActiveCfg = Debug|Any CPU
		{B9E5B314-A985-4CF6-8BF0-2CAD70E3E65D}.Debug|x86.Build.0 = Debug|Any CPU
		{B9E5B314-A985-4CF6-8BF0-2CAD70E3E65D}.Release|Any CPU.ActiveCfg = Release|Any CPU
		{B9E5B314-A985-4CF6-8BF0-2CAD70E3E65D}.Release|Any CPU.Build.0 = Release|Any CPU
		{B9E5B314-A985-4CF6-8BF0-2CAD70E3E65D}.Release|x64.ActiveCfg = Release|Any CPU
		{B9E5B314-A985-4CF6-8BF0-2CAD70E3E65D}.Release|x64.Build.0 = Release|Any CPU
		{B9E5B314-A985-4CF6-8BF0-2CAD70E3E65D}.Release|x86.ActiveCfg = Release|Any CPU
		{B9E5B314-A985-4CF6-8BF0-2CAD70E3E65D}.Release|x86.Build.0 = Release|Any CPU
		{CD40A356-8AD7-4B47-BE75-1E35C96F77A8}.Debug|Any CPU.ActiveCfg = Debug|Any CPU
		{CD40A356-8AD7-4B47-BE75-1E35C96F77A8}.Debug|Any CPU.Build.0 = Debug|Any CPU
		{CD40A356-8AD7-4B47-BE75-1E35C96F77A8}.Debug|x64.ActiveCfg = Debug|Any CPU
		{CD40A356-8AD7-4B47-BE75-1E35C96F77A8}.Debug|x64.Build.0 = Debug|Any CPU
		{CD40A356-8AD7-4B47-BE75-1E35C96F77A8}.Debug|x86.ActiveCfg = Debug|Any CPU
		{CD40A356-8AD7-4B47-BE75-1E35C96F77A8}.Debug|x86.Build.0 = Debug|Any CPU
		{CD40A356-8AD7-4B47-BE75-1E35C96F77A8}.Release|Any CPU.ActiveCfg = Release|Any CPU
		{CD40A356-8AD7-4B47-BE75-1E35C96F77A8}.Release|Any CPU.Build.0 = Release|Any CPU
		{CD40A356-8AD7-4B47-BE75-1E35C96F77A8}.Release|x64.ActiveCfg = Release|Any CPU
		{CD40A356-8AD7-4B47-BE75-1E35C96F77A8}.Release|x64.Build.0 = Release|Any CPU
		{CD40A356-8AD7-4B47-BE75-1E35C96F77A8}.Release|x86.ActiveCfg = Release|Any CPU
		{CD40A356-8AD7-4B47-BE75-1E35C96F77A8}.Release|x86.Build.0 = Release|Any CPU
		{0C77EE41-1A47-4E3E-8B26-9BEA076D2A2F}.Debug|Any CPU.ActiveCfg = Debug|Any CPU
		{0C77EE41-1A47-4E3E-8B26-9BEA076D2A2F}.Debug|Any CPU.Build.0 = Debug|Any CPU
		{0C77EE41-1A47-4E3E-8B26-9BEA076D2A2F}.Debug|x64.ActiveCfg = Debug|Any CPU
		{0C77EE41-1A47-4E3E-8B26-9BEA076D2A2F}.Debug|x64.Build.0 = Debug|Any CPU
		{0C77EE41-1A47-4E3E-8B26-9BEA076D2A2F}.Debug|x86.ActiveCfg = Debug|Any CPU
		{0C77EE41-1A47-4E3E-8B26-9BEA076D2A2F}.Debug|x86.Build.0 = Debug|Any CPU
		{0C77EE41-1A47-4E3E-8B26-9BEA076D2A2F}.Release|Any CPU.ActiveCfg = Release|Any CPU
		{0C77EE41-1A47-4E3E-8B26-9BEA076D2A2F}.Release|Any CPU.Build.0 = Release|Any CPU
		{0C77EE41-1A47-4E3E-8B26-9BEA076D2A2F}.Release|x64.ActiveCfg = Release|Any CPU
		{0C77EE41-1A47-4E3E-8B26-9BEA076D2A2F}.Release|x64.Build.0 = Release|Any CPU
		{0C77EE41-1A47-4E3E-8B26-9BEA076D2A2F}.Release|x86.ActiveCfg = Release|Any CPU
		{0C77EE41-1A47-4E3E-8B26-9BEA076D2A2F}.Release|x86.Build.0 = Release|Any CPU
		{2ABE85DF-456F-44BE-8AA5-1E3064F4CCBD}.Debug|Any CPU.ActiveCfg = Debug|Any CPU
		{2ABE85DF-456F-44BE-8AA5-1E3064F4CCBD}.Debug|Any CPU.Build.0 = Debug|Any CPU
		{2ABE85DF-456F-44BE-8AA5-1E3064F4CCBD}.Debug|x64.ActiveCfg = Debug|Any CPU
		{2ABE85DF-456F-44BE-8AA5-1E3064F4CCBD}.Debug|x64.Build.0 = Debug|Any CPU
		{2ABE85DF-456F-44BE-8AA5-1E3064F4CCBD}.Debug|x86.ActiveCfg = Debug|Any CPU
		{2ABE85DF-456F-44BE-8AA5-1E3064F4CCBD}.Debug|x86.Build.0 = Debug|Any CPU
		{2ABE85DF-456F-44BE-8AA5-1E3064F4CCBD}.Release|Any CPU.ActiveCfg = Release|Any CPU
		{2ABE85DF-456F-44BE-8AA5-1E3064F4CCBD}.Release|Any CPU.Build.0 = Release|Any CPU
		{2ABE85DF-456F-44BE-8AA5-1E3064F4CCBD}.Release|x64.ActiveCfg = Release|Any CPU
		{2ABE85DF-456F-44BE-8AA5-1E3064F4CCBD}.Release|x64.Build.0 = Release|Any CPU
		{2ABE85DF-456F-44BE-8AA5-1E3064F4CCBD}.Release|x86.ActiveCfg = Release|Any CPU
		{2ABE85DF-456F-44BE-8AA5-1E3064F4CCBD}.Release|x86.Build.0 = Release|Any CPU
		{336E4DB7-DC3A-4065-B386-556F8313E3A0}.Debug|Any CPU.ActiveCfg = Debug|Any CPU
		{336E4DB7-DC3A-4065-B386-556F8313E3A0}.Debug|Any CPU.Build.0 = Debug|Any CPU
		{336E4DB7-DC3A-4065-B386-556F8313E3A0}.Debug|x64.ActiveCfg = Debug|Any CPU
		{336E4DB7-DC3A-4065-B386-556F8313E3A0}.Debug|x64.Build.0 = Debug|Any CPU
		{336E4DB7-DC3A-4065-B386-556F8313E3A0}.Debug|x86.ActiveCfg = Debug|Any CPU
		{336E4DB7-DC3A-4065-B386-556F8313E3A0}.Debug|x86.Build.0 = Debug|Any CPU
		{336E4DB7-DC3A-4065-B386-556F8313E3A0}.Release|Any CPU.ActiveCfg = Release|Any CPU
		{336E4DB7-DC3A-4065-B386-556F8313E3A0}.Release|Any CPU.Build.0 = Release|Any CPU
		{336E4DB7-DC3A-4065-B386-556F8313E3A0}.Release|x64.ActiveCfg = Release|Any CPU
		{336E4DB7-DC3A-4065-B386-556F8313E3A0}.Release|x64.Build.0 = Release|Any CPU
		{336E4DB7-DC3A-4065-B386-556F8313E3A0}.Release|x86.ActiveCfg = Release|Any CPU
		{336E4DB7-DC3A-4065-B386-556F8313E3A0}.Release|x86.Build.0 = Release|Any CPU
	EndGlobalSection
	GlobalSection(SolutionProperties) = preSolution
		HideSolutionNode = FALSE
	EndGlobalSection
	GlobalSection(NestedProjects) = preSolution
		{55418A49-9090-CAE5-2336-DB6E3B14E6F9} = {B8EFCA5F-814F-285C-A8CB-F00F14650265}
		{ED20A4A7-C467-4C4D-A57D-1696228F70AB} = {55418A49-9090-CAE5-2336-DB6E3B14E6F9}
		{1B251914-3FF2-4EFE-B134-76288C3B558F} = {55418A49-9090-CAE5-2336-DB6E3B14E6F9}
		{FD3B2B47-C3BF-CD05-5D74-85FD41A40D76} = {B8EFCA5F-814F-285C-A8CB-F00F14650265}
		{B9E5B314-A985-4CF6-8BF0-2CAD70E3E65D} = {FD3B2B47-C3BF-CD05-5D74-85FD41A40D76}
		{CD40A356-8AD7-4B47-BE75-1E35C96F77A8} = {FD3B2B47-C3BF-CD05-5D74-85FD41A40D76}
		{0C77EE41-1A47-4E3E-8B26-9BEA076D2A2F} = {FD3B2B47-C3BF-CD05-5D74-85FD41A40D76}
		{03B62BDF-F76B-1DF7-DFBA-095DCB9EBB8F} = {B8EFCA5F-814F-285C-A8CB-F00F14650265}
		{2ABE85DF-456F-44BE-8AA5-1E3064F4CCBD} = {03B62BDF-F76B-1DF7-DFBA-095DCB9EBB8F}
		{4099C67F-8F07-C005-922D-FD49B02B3456} = {B8EFCA5F-814F-285C-A8CB-F00F14650265}
		{336E4DB7-DC3A-4065-B386-556F8313E3A0} = {4099C67F-8F07-C005-922D-FD49B02B3456}
	EndGlobalSection
EndGlobal
